uuid: fd3c24ce-84ac-4145-ad8f-48bd7952231a
langcode: en
status: true
dependencies:
  config:
    - block_content.type.varbase_heading_block
  module:
    - content_translation
third_party_settings:
  content_translation:
    enabled: true
    bundle_settings:
      untranslatable_fields_hide: '0'
_core:
  default_config_hash: ZZYUpBncP7bYuVjjOZPYlrqxWS_TNKILTvQSEsdx6fc
id: block_content.varbase_heading_block
target_entity_type_id: block_content
target_bundle: varbase_heading_block
default_langcode: site_default
language_alterable: true
