uuid: 57dbe38a-cac6-4053-bebb-588ecacbbcd6
langcode: en
status: true
dependencies:
  config:
    - block_content.type.varbase_carousel_block
  module:
    - content_translation
third_party_settings:
  content_translation:
    enabled: true
    bundle_settings:
      untranslatable_fields_hide: '0'
id: block_content.varbase_carousel_block
target_entity_type_id: block_content
target_bundle: varbase_carousel_block
default_langcode: site_default
language_alterable: true
